// !$*UTF8*$!
{
	archiveVersion = 1;
	classes = {
	};
	objectVersion = 55;
	objects = {

/* Begin PBXBuildFile section */
		45151796274CC7010062F1E7 /* DetailViewController.swift in Sources */ = {isa = PBXBuildFile; fileRef = 45151795274CC7010062F1E7 /* DetailViewController.swift */; };
		45357AD727500DF7007AABA5 /* Search.swift in Sources */ = {isa = PBXBuildFile; fileRef = 45357AD627500DF7007AABA5 /* Search.swift */; };
		453D1F3C274A1E3800329B1D /* NothingFoundCell.swift in Sources */ = {isa = PBXBuildFile; fileRef = 453D1F3B274A1E3800329B1D /* NothingFoundCell.swift */; };
		455AFDD1274ACE2100364B59 /* LoadingCell.swift in Sources */ = {isa = PBXBuildFile; fileRef = 455AFDD0274ACE2100364B59 /* LoadingCell.swift */; };
		45A302FC274E1C5F00E26AEA /* LandscapeViewController.swift in Sources */ = {isa = PBXBuildFile; fileRef = 45A302FB274E1C5F00E26AEA /* LandscapeViewController.swift */; };
		45A9DDC727497A5C00A01210 /* SearchResult.swift in Sources */ = {isa = PBXBuildFile; fileRef = 45A9DDC627497A5C00A01210 /* SearchResult.swift */; };
		45A9DDCC27498A1300A01210 /* SearcherResultCell.swift in Sources */ = {isa = PBXBuildFile; fileRef = 45A9DDCB27498A1300A01210 /* SearcherResultCell.swift */; };
		45D5AF81274C398D00BD8829 /* UIImageView+DownloadImage.swift in Sources */ = {isa = PBXBuildFile; fileRef = 45D5AF80274C398D00BD8829 /* UIImageView+DownloadImage.swift */; };
		45DA916D274931B900E0ABD4 /* AppDelegate.swift in Sources */ = {isa = PBXBuildFile; fileRef = 45DA916C274931B900E0ABD4 /* AppDelegate.swift */; };
		45DA916F274931B900E0ABD4 /* SceneDelegate.swift in Sources */ = {isa = PBXBuildFile; fileRef = 45DA916E274931B900E0ABD4 /* SceneDelegate.swift */; };
		45DA9171274931B900E0ABD4 /* SearcherViewController.swift in Sources */ = {isa = PBXBuildFile; fileRef = 45DA9170274931B900E0ABD4 /* SearcherViewController.swift */; };
		45DA9176274931BC00E0ABD4 /* Assets.xcassets in Resources */ = {isa = PBXBuildFile; fileRef = 45DA9175274931BC00E0ABD4 /* Assets.xcassets */; };
		45DA9179274931BC00E0ABD4 /* LaunchScreen.storyboard in Resources */ = {isa = PBXBuildFile; fileRef = 45DA9177274931BC00E0ABD4 /* LaunchScreen.storyboard */; };
/* End PBXBuildFile section */

/* Begin PBXFileReference section */
		45151795274CC7010062F1E7 /* DetailViewController.swift */ = {isa = PBXFileReference; lastKnownFileType = sourcecode.swift; path = DetailViewController.swift; sourceTree = "<group>"; };
		45357AD627500DF7007AABA5 /* Search.swift */ = {isa = PBXFileReference; lastKnownFileType = sourcecode.swift; path = Search.swift; sourceTree = "<group>"; };
		453D1F3B274A1E3800329B1D /* NothingFoundCell.swift */ = {isa = PBXFileReference; lastKnownFileType = sourcecode.swift; path = NothingFoundCell.swift; sourceTree = "<group>"; };
		455AFDD0274ACE2100364B59 /* LoadingCell.swift */ = {isa = PBXFileReference; lastKnownFileType = sourcecode.swift; path = LoadingCell.swift; sourceTree = "<group>"; };
		45A302FB274E1C5F00E26AEA /* LandscapeViewController.swift */ = {isa = PBXFileReference; lastKnownFileType = sourcecode.swift; path = LandscapeViewController.swift; sourceTree = "<group>"; };
		45A9DDC627497A5C00A01210 /* SearchResult.swift */ = {isa = PBXFileReference; lastKnownFileType = sourcecode.swift; path = SearchResult.swift; sourceTree = "<group>"; };
		45A9DDCB27498A1300A01210 /* SearcherResultCell.swift */ = {isa = PBXFileReference; lastKnownFileType = sourcecode.swift; path = SearcherResultCell.swift; sourceTree = "<group>"; };
		45D5AF80274C398D00BD8829 /* UIImageView+DownloadImage.swift */ = {isa = PBXFileReference; lastKnownFileType = sourcecode.swift; path = "UIImageView+DownloadImage.swift"; sourceTree = "<group>"; };
		45DA9169274931B900E0ABD4 /* Searcher.app */ = {isa = PBXFileReference; explicitFileType = wrapper.application; includeInIndex = 0; path = Searcher.app; sourceTree = BUILT_PRODUCTS_DIR; };
		45DA916C274931B900E0ABD4 /* AppDelegate.swift */ = {isa = PBXFileReference; lastKnownFileType = sourcecode.swift; path = AppDelegate.swift; sourceTree = "<group>"; };
		45DA916E274931B900E0ABD4 /* SceneDelegate.swift */ = {isa = PBXFileReference; lastKnownFileType = sourcecode.swift; path = SceneDelegate.swift; sourceTree = "<group>"; };
		45DA9170274931B900E0ABD4 /* SearcherViewController.swift */ = {isa = PBXFileReference; lastKnownFileType = sourcecode.swift; path = SearcherViewController.swift; sourceTree = "<group>"; };
		45DA9175274931BC00E0ABD4 /* Assets.xcassets */ = {isa = PBXFileReference; lastKnownFileType = folder.assetcatalog; path = Assets.xcassets; sourceTree = "<group>"; };
		45DA9178274931BC00E0ABD4 /* Base */ = {isa = PBXFileReference; lastKnownFileType = file.storyboard; name = Base; path = Base.lproj/LaunchScreen.storyboard; sourceTree = "<group>"; };
		45DA917A274931BC00E0ABD4 /* Info.plist */ = {isa = PBXFileReference; lastKnownFileType = text.plist.xml; path = Info.plist; sourceTree = "<group>"; };
/* End PBXFileReference section */

/* Begin PBXFrameworksBuildPhase section */
		45DA9166274931B900E0ABD4 /* Frameworks */ = {
			isa = PBXFrameworksBuildPhase;
			buildActionMask = 2147483647;
			files = (
			);
			runOnlyForDeploymentPostprocessing = 0;
		};
/* End PBXFrameworksBuildPhase section */

/* Begin PBXGroup section */
		45A9DDC527497A4F00A01210 /* Model */ = {
			isa = PBXGroup;
			children = (
				45A9DDC627497A5C00A01210 /* SearchResult.swift */,
				45357AD627500DF7007AABA5 /* Search.swift */,
			);
			path = Model;
			sourceTree = "<group>";
		};
		45A9DDC827497F9600A01210 /* Resourses */ = {
			isa = PBXGroup;
			children = (
				45DA916C274931B900E0ABD4 /* AppDelegate.swift */,
				45DA916E274931B900E0ABD4 /* SceneDelegate.swift */,
				45DA917A274931BC00E0ABD4 /* Info.plist */,
				45DA9175274931BC00E0ABD4 /* Assets.xcassets */,
			);
			path = Resourses;
			sourceTree = "<group>";
		};
		45A9DDC9274987A300A01210 /* Views */ = {
			isa = PBXGroup;
			children = (
				45A9DDCA274989CC00A01210 /* Cells */,
				45DA9177274931BC00E0ABD4 /* LaunchScreen.storyboard */,
			);
			path = Views;
			sourceTree = "<group>";
		};
		45A9DDCA274989CC00A01210 /* Cells */ = {
			isa = PBXGroup;
			children = (
				45A9DDCB27498A1300A01210 /* SearcherResultCell.swift */,
				455AFDD0274ACE2100364B59 /* LoadingCell.swift */,
				453D1F3B274A1E3800329B1D /* NothingFoundCell.swift */,
			);
			path = Cells;
			sourceTree = "<group>";
		};
		45A9DDCD27498A5000A01210 /* Controllers */ = {
			isa = PBXGroup;
			children = (
				45DA9170274931B900E0ABD4 /* SearcherViewController.swift */,
				45A302FB274E1C5F00E26AEA /* LandscapeViewController.swift */,
				45151795274CC7010062F1E7 /* DetailViewController.swift */,
			);
			path = Controllers;
			sourceTree = "<group>";
		};
		45D5AF7F274C392B00BD8829 /* Extensions */ = {
			isa = PBXGroup;
			children = (
				45D5AF80274C398D00BD8829 /* UIImageView+DownloadImage.swift */,
			);
			path = Extensions;
			sourceTree = "<group>";
		};
		45DA9160274931B900E0ABD4 = {
			isa = PBXGroup;
			children = (
				45DA916B274931B900E0ABD4 /* Searcher */,
				45DA916A274931B900E0ABD4 /* Products */,
			);
			sourceTree = "<group>";
		};
		45DA916A274931B900E0ABD4 /* Products */ = {
			isa = PBXGroup;
			children = (
				45DA9169274931B900E0ABD4 /* Searcher.app */,
			);
			name = Products;
			sourceTree = "<group>";
		};
		45DA916B274931B900E0ABD4 /* Searcher */ = {
			isa = PBXGroup;
			children = (
				45D5AF7F274C392B00BD8829 /* Extensions */,
				45A9DDC827497F9600A01210 /* Resourses */,
				45A9DDC527497A4F00A01210 /* Model */,
				45A9DDCD27498A5000A01210 /* Controllers */,
				45A9DDC9274987A300A01210 /* Views */,
			);
			path = Searcher;
			sourceTree = "<group>";
		};
/* End PBXGroup section */

/* Begin PBXNativeTarget section */
		45DA9168274931B900E0ABD4 /* Searcher */ = {
			isa = PBXNativeTarget;
			buildConfigurationList = 45DA917D274931BC00E0ABD4 /* Build configuration list for PBXNativeTarget "Searcher" */;
			buildPhases = (
				45DA9165274931B900E0ABD4 /* Sources */,
				45DA9166274931B900E0ABD4 /* Frameworks */,
				45DA9167274931B900E0ABD4 /* Resources */,
			);
			buildRules = (
			);
			dependencies = (
			);
			name = Searcher;
			productName = Searcher;
			productReference = 45DA9169274931B900E0ABD4 /* Searcher.app */;
			productType = "com.apple.product-type.application";
		};
/* End PBXNativeTarget section */

/* Begin PBXProject section */
		45DA9161274931B900E0ABD4 /* Project object */ = {
			isa = PBXProject;
			attributes = {
				BuildIndependentTargetsInParallel = 1;
				LastSwiftUpdateCheck = 1300;
				LastUpgradeCheck = 1300;
				TargetAttributes = {
					45DA9168274931B900E0ABD4 = {
						CreatedOnToolsVersion = 13.0;
					};
				};
			};
			buildConfigurationList = 45DA9164274931B900E0ABD4 /* Build configuration list for PBXProject "Searcher" */;
			compatibilityVersion = "Xcode 13.0";
			developmentRegion = en;
			hasScannedForEncodings = 0;
			knownRegions = (
				en,
				Base,
			);
			mainGroup = 45DA9160274931B900E0ABD4;
			productRefGroup = 45DA916A274931B900E0ABD4 /* Products */;
			projectDirPath = "";
			projectRoot = "";
			targets = (
				45DA9168274931B900E0ABD4 /* Searcher */,
			);
		};
/* End PBXProject section */

/* Begin PBXResourcesBuildPhase section */
		45DA9167274931B900E0ABD4 /* Resources */ = {
			isa = PBXResourcesBuildPhase;
			buildActionMask = 2147483647;
			files = (
				45DA9179274931BC00E0ABD4 /* LaunchScreen.storyboard in Resources */,
				45DA9176274931BC00E0ABD4 /* Assets.xcassets in Resources */,
			);
			runOnlyForDeploymentPostprocessing = 0;
		};
/* End PBXResourcesBuildPhase section */

/* Begin PBXSourcesBuildPhase section */
		45DA9165274931B900E0ABD4 /* Sources */ = {
			isa = PBXSourcesBuildPhase;
			buildActionMask = 2147483647;
			files = (
				45357AD727500DF7007AABA5 /* Search.swift in Sources */,
				45151796274CC7010062F1E7 /* DetailViewController.swift in Sources */,
				45DA9171274931B900E0ABD4 /* SearcherViewController.swift in Sources */,
				45A302FC274E1C5F00E26AEA /* LandscapeViewController.swift in Sources */,
				45A9DDCC27498A1300A01210 /* SearcherResultCell.swift in Sources */,
				453D1F3C274A1E3800329B1D /* NothingFoundCell.swift in Sources */,
				45DA916D274931B900E0ABD4 /* AppDelegate.swift in Sources */,
				45D5AF81274C398D00BD8829 /* UIImageView+DownloadImage.swift in Sources */,
				455AFDD1274ACE2100364B59 /* LoadingCell.swift in Sources */,
				45A9DDC727497A5C00A01210 /* SearchResult.swift in Sources */,
				45DA916F274931B900E0ABD4 /* SceneDelegate.swift in Sources */,
			);
			runOnlyForDeploymentPostprocessing = 0;
		};
/* End PBXSourcesBuildPhase section */

/* Begin PBXVariantGroup section */
		45DA9177274931BC00E0ABD4 /* LaunchScreen.storyboard */ = {
			isa = PBXVariantGroup;
			children = (
				45DA9178274931BC00E0ABD4 /* Base */,
			);
			name = LaunchScreen.storyboard;
			sourceTree = "<group>";
		};
/* End PBXVariantGroup section */

/* Begin XCBuildConfiguration section */
		45DA917B274931BC00E0ABD4 /* Debug */ = {
			isa = XCBuildConfiguration;
			buildSettings = {
				ALWAYS_SEARCH_USER_PATHS = NO;
				CLANG_ANALYZER_NONNULL = YES;
				CLANG_ANALYZER_NUMBER_OBJECT_CONVERSION = YES_AGGRESSIVE;
				CLANG_CXX_LANGUAGE_STANDARD = "gnu++17";
				CLANG_CXX_LIBRARY = "libc++";
				CLANG_ENABLE_MODULES = YES;
				CLANG_ENABLE_OBJC_ARC = YES;
				CLANG_ENABLE_OBJC_WEAK = YES;
				CLANG_WARN_BLOCK_CAPTURE_AUTORELEASING = YES;
				CLANG_WARN_BOOL_CONVERSION = YES;
				CLANG_WARN_COMMA = YES;
				CLANG_WARN_CONSTANT_CONVERSION = YES;
				CLANG_WARN_DEPRECATED_OBJC_IMPLEMENTATIONS = YES;
				CLANG_WARN_DIRECT_OBJC_ISA_USAGE = YES_ERROR;
				CLANG_WARN_DOCUMENTATION_COMMENTS = YES;
				CLANG_WARN_EMPTY_BODY = YES;
				CLANG_WARN_ENUM_CONVERSION = YES;
				CLANG_WARN_INFINITE_RECURSION = YES;
				CLANG_WARN_INT_CONVERSION = YES;
				CLANG_WARN_NON_LITERAL_NULL_CONVERSION = YES;
				CLANG_WARN_OBJC_IMPLICIT_RETAIN_SELF = YES;
				CLANG_WARN_OBJC_LITERAL_CONVERSION = YES;
				CLANG_WARN_OBJC_ROOT_CLASS = YES_ERROR;
				CLANG_WARN_QUOTED_INCLUDE_IN_FRAMEWORK_HEADER = YES;
				CLANG_WARN_RANGE_LOOP_ANALYSIS = YES;
				CLANG_WARN_STRICT_PROTOTYPES = YES;
				CLANG_WARN_SUSPICIOUS_MOVE = YES;
				CLANG_WARN_UNGUARDED_AVAILABILITY = YES_AGGRESSIVE;
				CLANG_WARN_UNREACHABLE_CODE = YES;
				CLANG_WARN__DUPLICATE_METHOD_MATCH = YES;
				COPY_PHASE_STRIP = NO;
				DEBUG_INFORMATION_FORMAT = dwarf;
				ENABLE_STRICT_OBJC_MSGSEND = YES;
				ENABLE_TESTABILITY = YES;
				GCC_C_LANGUAGE_STANDARD = gnu11;
				GCC_DYNAMIC_NO_PIC = NO;
				GCC_NO_COMMON_BLOCKS = YES;
				GCC_OPTIMIZATION_LEVEL = 0;
				GCC_PREPROCESSOR_DEFINITIONS = (
					"DEBUG=1",
					"$(inherited)",
				);
				GCC_WARN_64_TO_32_BIT_CONVERSION = YES;
				GCC_WARN_ABOUT_RETURN_TYPE = YES_ERROR;
				GCC_WARN_UNDECLARED_SELECTOR = YES;
				GCC_WARN_UNINITIALIZED_AUTOS = YES_AGGRESSIVE;
				GCC_WARN_UNUSED_FUNCTION = YES;
				GCC_WARN_UNUSED_VARIABLE = YES;
				IPHONEOS_DEPLOYMENT_TARGET = 13.0;
				MTL_ENABLE_DEBUG_INFO = INCLUDE_SOURCE;
				MTL_FAST_MATH = YES;
				ONLY_ACTIVE_ARCH = YES;
				SDKROOT = iphoneos;
				SWIFT_ACTIVE_COMPILATION_CONDITIONS = DEBUG;
				SWIFT_OPTIMIZATION_LEVEL = "-Onone";
			};
			name = Debug;
		};
		45DA917C274931BC00E0ABD4 /* Release */ = {
			isa = XCBuildConfiguration;
			buildSettings = {
				ALWAYS_SEARCH_USER_PATHS = NO;
				CLANG_ANALYZER_NONNULL = YES;
				CLANG_ANALYZER_NUMBER_OBJECT_CONVERSION = YES_AGGRESSIVE;
				CLANG_CXX_LANGUAGE_STANDARD = "gnu++17";
				CLANG_CXX_LIBRARY = "libc++";
				CLANG_ENABLE_MODULES = YES;
				CLANG_ENABLE_OBJC_ARC = YES;
				CLANG_ENABLE_OBJC_WEAK = YES;
				CLANG_WARN_BLOCK_CAPTURE_AUTORELEASING = YES;
				CLANG_WARN_BOOL_CONVERSION = YES;
				CLANG_WARN_COMMA = YES;
				CLANG_WARN_CONSTANT_CONVERSION = YES;
				CLANG_WARN_DEPRECATED_OBJC_IMPLEMENTATIONS = YES;
				CLANG_WARN_DIRECT_OBJC_ISA_USAGE = YES_ERROR;
				CLANG_WARN_DOCUMENTATION_COMMENTS = YES;
				CLANG_WARN_EMPTY_BODY = YES;
				CLANG_WARN_ENUM_CONVERSION = YES;
				CLANG_WARN_INFINITE_RECURSION = YES;
				CLANG_WARN_INT_CONVERSION = YES;
				CLANG_WARN_NON_LITERAL_NULL_CONVERSION = YES;
				CLANG_WARN_OBJC_IMPLICIT_RETAIN_SELF = YES;
				CLANG_WARN_OBJC_LITERAL_CONVERSION = YES;
				CLANG_WARN_OBJC_ROOT_CLASS = YES_ERROR;
				CLANG_WARN_QUOTED_INCLUDE_IN_FRAMEWORK_HEADER = YES;
				CLANG_WARN_RANGE_LOOP_ANALYSIS = YES;
				CLANG_WARN_STRICT_PROTOTYPES = YES;
				CLANG_WARN_SUSPICIOUS_MOVE = YES;
				CLANG_WARN_UNGUARDED_AVAILABILITY = YES_AGGRESSIVE;
				CLANG_WARN_UNREACHABLE_CODE = YES;
				CLANG_WARN__DUPLICATE_METHOD_MATCH = YES;
				COPY_PHASE_STRIP = NO;
				DEBUG_INFORMATION_FORMAT = "dwarf-with-dsym";
				ENABLE_NS_ASSERTIONS = NO;
				ENABLE_STRICT_OBJC_MSGSEND = YES;
				GCC_C_LANGUAGE_STANDARD = gnu11;
				GCC_NO_COMMON_BLOCKS = YES;
				GCC_WARN_64_TO_32_BIT_CONVERSION = YES;
				GCC_WARN_ABOUT_RETURN_TYPE = YES_ERROR;
				GCC_WARN_UNDECLARED_SELECTOR = YES;
				GCC_WARN_UNINITIALIZED_AUTOS = YES_AGGRESSIVE;
				GCC_WARN_UNUSED_FUNCTION = YES;
				GCC_WARN_UNUSED_VARIABLE = YES;
				IPHONEOS_DEPLOYMENT_TARGET = 13.0;
				MTL_ENABLE_DEBUG_INFO = NO;
				MTL_FAST_MATH = YES;
				SDKROOT = iphoneos;
				SWIFT_COMPILATION_MODE = wholemodule;
				SWIFT_OPTIMIZATION_LEVEL = "-O";
				VALIDATE_PRODUCT = YES;
			};
			name = Release;
		};
		45DA917E274931BC00E0ABD4 /* Debug */ = {
			isa = XCBuildConfiguration;
			buildSettings = {
				ASSETCATALOG_COMPILER_APPICON_NAME = AppIcon;
				ASSETCATALOG_COMPILER_GLOBAL_ACCENT_COLOR_NAME = AccentColor;
				CODE_SIGN_STYLE = Automatic;
				CURRENT_PROJECT_VERSION = 1;
				DEVELOPMENT_TEAM = 88GGD7677D;
				GENERATE_INFOPLIST_FILE = YES;
				INFOPLIST_FILE = Searcher/Resourses/Info.plist;
				INFOPLIST_KEY_UIApplicationSupportsIndirectInputEvents = YES;
				INFOPLIST_KEY_UILaunchStoryboardName = LaunchScreen;
				INFOPLIST_KEY_UISupportedInterfaceOrientations_iPad = "UIInterfaceOrientationPortrait UIInterfaceOrientationPortraitUpsideDown UIInterfaceOrientationLandscapeLeft UIInterfaceOrientationLandscapeRight";
				INFOPLIST_KEY_UISupportedInterfaceOrientations_iPhone = "UIInterfaceOrientationPortrait UIInterfaceOrientationLandscapeLeft UIInterfaceOrientationLandscapeRight";
				IPHONEOS_DEPLOYMENT_TARGET = 13.0;
				LD_RUNPATH_SEARCH_PATHS = (
					"$(inherited)",
					"@executable_path/Frameworks",
				);
				MARKETING_VERSION = 1.0;
				PRODUCT_BUNDLE_IDENTIFIER = com.borisbolsh.Searcher;
				PRODUCT_NAME = "$(TARGET_NAME)";
				SWIFT_EMIT_LOC_STRINGS = YES;
				SWIFT_VERSION = 5.0;
				TARGETED_DEVICE_FAMILY = 1;
			};
			name = Debug;
		};
		45DA917F274931BC00E0ABD4 /* Release */ = {
			isa = XCBuildConfiguration;
			buildSettings = {
				ASSETCATALOG_COMPILER_APPICON_NAME = AppIcon;
				ASSETCATALOG_COMPILER_GLOBAL_ACCENT_COLOR_NAME = AccentColor;
				CODE_SIGN_STYLE = Automatic;
				CURRENT_PROJECT_VERSION = 1;
				DEVELOPMENT_TEAM = 88GGD7677D;
				GENERATE_INFOPLIST_FILE = YES;
				INFOPLIST_FILE = Searcher/Resourses/Info.plist;
				INFOPLIST_KEY_UIApplicationSupportsIndirectInputEvents = YES;
				INFOPLIST_KEY_UILaunchStoryboardName = LaunchScreen;
				INFOPLIST_KEY_UISupportedInterfaceOrientations_iPad = "UIInterfaceOrientationPortrait UIInterfaceOrientationPortraitUpsideDown UIInterfaceOrientationLandscapeLeft UIInterfaceOrientationLandscapeRight";
				INFOPLIST_KEY_UISupportedInterfaceOrientations_iPhone = "UIInterfaceOrientationPortrait UIInterfaceOrientationLandscapeLeft UIInterfaceOrientationLandscapeRight";
				IPHONEOS_DEPLOYMENT_TARGET = 13.0;
				LD_RUNPATH_SEARCH_PATHS = (
					"$(inherited)",
					"@executable_path/Frameworks",
				);
				MARKETING_VERSION = 1.0;
				PRODUCT_BUNDLE_IDENTIFIER = com.borisbolsh.Searcher;
				PRODUCT_NAME = "$(TARGET_NAME)";
				SWIFT_EMIT_LOC_STRINGS = YES;
				SWIFT_VERSION = 5.0;
				TARGETED_DEVICE_FAMILY = 1;
			};
			name = Release;
		};
/* End XCBuildConfiguration section */

/* Begin XCConfigurationList section */
		45DA9164274931B900E0ABD4 /* Build configuration list for PBXProject "Searcher" */ = {
			isa = XCConfigurationList;
			buildConfigurations = (
				45DA917B274931BC00E0ABD4 /* Debug */,
				45DA917C274931BC00E0ABD4 /* Release */,
			);
			defaultConfigurationIsVisible = 0;
			defaultConfigurationName = Release;
		};
		45DA917D274931BC00E0ABD4 /* Build configuration list for PBXNativeTarget "Searcher" */ = {
			isa = XCConfigurationList;
			buildConfigurations = (
				45DA917E274931BC00E0ABD4 /* Debug */,
				45DA917F274931BC00E0ABD4 /* Release */,
			);
			defaultConfigurationIsVisible = 0;
			defaultConfigurationName = Release;
		};
/* End XCConfigurationList section */
	};
	rootObject = 45DA9161274931B900E0ABD4 /* Project object */;
}
